
Microsoft Visual Studio Solution File, Format Version 12.00
# Visual Studio Version 16
VisualStudioVersion = 16.0.29123.88
MinimumVisualStudioVersion = 10.0.40219.1
Project("{FAE04EC0-301F-11D3-BF4B-00C04F79EFBC}") = "SuperHerosapp", "SuperHerosapp\SuperHerosapp.csproj", "{D914AF9A-40AB-4B83-BDBF-CB75075BF198}"
EndProject
Global
	GlobalSection(SolutionConfigurationPlatforms) = preSolution
		Debug|Any CPU = Debug|Any CPU
		Release|Any CPU = Release|Any CPU
	EndGlobalSection
	GlobalSection(ProjectConfigurationPlatforms) = postSolution
		{D914AF9A-40AB-4B83-BDBF-CB75075BF198}.Debug|Any CPU.ActiveCfg = Debug|Any CPU
		{D914AF9A-40AB-4B83-BDBF-CB75075BF198}.Debug|Any CPU.Build.0 = Debug|Any CPU
		{D914AF9A-40AB-4B83-BDBF-CB75075BF198}.Release|Any CPU.ActiveCfg = Release|Any CPU
		{D914AF9A-40AB-4B83-BDBF-CB75075BF198}.Release|Any CPU.Build.0 = Release|Any CPU
	EndGlobalSection
	GlobalSection(SolutionProperties) = preSolution
		HideSolutionNode = FALSE
	EndGlobalSection
	GlobalSection(ExtensibilityGlobals) = postSolution
		SolutionGuid = {C3D0259F-4EF3-4D0B-A1D3-6F50FB82D77E}
	EndGlobalSection
EndGlobal
